
Microsoft Visual Studio Solution File, Format Version 12.00
# Visual Studio 14
VisualStudioVersion = 14.0.23107.0
MinimumVisualStudioVersion = 10.0.40219.1
Project("{FAE04EC0-301F-11D3-BF4B-00C04F79EFBC}") = "NuGetViz", "NuGetViz\NuGetViz.csproj", "{F95B3FA9-4D7F-4B0A-B7A8-BB993339D3B9}"
EndProject
Project("{FAE04EC0-301F-11D3-BF4B-00C04F79EFBC}") = "NuGetViz.Tests", "NuGetViz.Tests\NuGetViz.Tests.csproj", "{DFBEBFA7-832E-47EA-B80E-26CF246048FD}"
EndProject
Global
	GlobalSection(SolutionConfigurationPlatforms) = preSolution
		Debug|Any CPU = Debug|Any CPU
		Release|Any CPU = Release|Any CPU
	EndGlobalSection
	GlobalSection(ProjectConfigurationPlatforms) = postSolution
		{F95B3FA9-4D7F-4B0A-B7A8-BB993339D3B9}.Debug|Any CPU.ActiveCfg = Debug|Any CPU
		{F95B3FA9-4D7F-4B0A-B7A8-BB993339D3B9}.Debug|Any CPU.Build.0 = Debug|Any CPU
		{F95B3FA9-4D7F-4B0A-B7A8-BB993339D3B9}.Release|Any CPU.ActiveCfg = Release|Any CPU
		{F95B3FA9-4D7F-4B0A-B7A8-BB993339D3B9}.Release|Any CPU.Build.0 = Release|Any CPU
		{DFBEBFA7-832E-47EA-B80E-26CF246048FD}.Debug|Any CPU.ActiveCfg = Debug|Any CPU
		{DFBEBFA7-832E-47EA-B80E-26CF246048FD}.Debug|Any CPU.Build.0 = Debug|Any CPU
		{DFBEBFA7-832E-47EA-B80E-26CF246048FD}.Release|Any CPU.ActiveCfg = Release|Any CPU
		{DFBEBFA7-832E-47EA-B80E-26CF246048FD}.Release|Any CPU.Build.0 = Release|Any CPU
	EndGlobalSection
	GlobalSection(SolutionProperties) = preSolution
		HideSolutionNode = FALSE
	EndGlobalSection
EndGlobal
